# THIS IS AN AUTOGENERATED FILE. DO NOT EDIT THIS FILE DIRECTLY.
# yarn lockfile v1


"@overwolf/types@^3.23.1":
  version "3.23.1"
  resolved "https://registry.yarnpkg.com/@overwolf/types/-/types-3.23.1.tgz#6afb7050b762cfd705a66e348b74a9205a33dd43"
  integrity sha512-QkmvQONNxH31M0a018Mx23IZrWHvYSgWFwasEsxaQU3TkTiiF2ZqGpirCDBimtqD+Mk5MVWTaX4cmUsIhTgshQ==
